// !$*UTF8*$!
{
	archiveVersion = 1;
	classes = {
	};
	objectVersion = 46;
	objects = {

/* Begin PBXBuildFile section */
		00FCBC771683641200A353D2 /* OpenAL.framework in Frameworks */ = {isa = PBXBuildFile; fileRef = 00FCBC761683641200A353D2 /* OpenAL.framework */; };
		00FCBCA21683649C00A353D2 /* AudioToolbox.framework in Frameworks */ = {isa = PBXBuildFile; fileRef = 00FCBCA11683649C00A353D2 /* AudioToolbox.framework */; };
		4699E1617D104C2BAA2F0D4D /* libPods.a in Frameworks */ = {isa = PBXBuildFile; fileRef = 9C41CFFBA6954A8192BC0B91 /* libPods.a */; };
		72BE58BD16EF26EE000ADC42 /* Default-568h@2x.png in Resources */ = {isa = PBXBuildFile; fileRef = 72BE58BC16EF26EE000ADC42 /* Default-568h@2x.png */; };
		72D763BC16EF6AC1003C951F /* YMKSMovingAnnotationsViewController.m in Sources */ = {isa = PBXBuildFile; fileRef = 72D763BB16EF6AC1003C951F /* YMKSMovingAnnotationsViewController.m */; };
		72D763C416EF6CA2003C951F /* target.png in Resources */ = {isa = PBXBuildFile; fileRef = 72D763C216EF6CA2003C951F /* target.png */; };
		72D763C516EF6CA2003C951F /* target@2x.png in Resources */ = {isa = PBXBuildFile; fileRef = 72D763C316EF6CA2003C951F /* target@2x.png */; };
		7662D8B415E4291700672896 /* StaticMapExampleViewController.m in Sources */ = {isa = PBXBuildFile; fileRef = 7662D8B215E4290F00672896 /* StaticMapExampleViewController.m */; };
		7662D8B515E4291A00672896 /* StaticMapExampleViewController.xib in Resources */ = {isa = PBXBuildFile; fileRef = 7662D8B315E4290F00672896 /* StaticMapExampleViewController.xib */; };
		76FC1C741591024E00A757A3 /* VisibleRectExampleViewController.m in Sources */ = {isa = PBXBuildFile; fileRef = 76FC1C721591024E00A757A3 /* VisibleRectExampleViewController.m */; };
		76FC1C751591024E00A757A3 /* VisibleRectExampleViewController.xib in Resources */ = {isa = PBXBuildFile; fileRef = 76FC1C731591024E00A757A3 /* VisibleRectExampleViewController.xib */; };
		76FC1D5915923E4B00A757A3 /* SettingsViewController.m in Sources */ = {isa = PBXBuildFile; fileRef = 76FC1D5715923E4B00A757A3 /* SettingsViewController.m */; };
		76FC1D5A15923E4B00A757A3 /* SettingsViewController.xib in Resources */ = {isa = PBXBuildFile; fileRef = 76FC1D5815923E4B00A757A3 /* SettingsViewController.xib */; };
		76FC1D5D1592437300A757A3 /* Settings.m in Sources */ = {isa = PBXBuildFile; fileRef = 76FC1D5C1592437300A757A3 /* Settings.m */; };
		AA9760981A372DE3000F8586 /* LaunchScreen.xib in Resources */ = {isa = PBXBuildFile; fileRef = AA9760971A372DE3000F8586 /* LaunchScreen.xib */; };
		C940DD2414264F8C004DB73E /* MapLayersViewController.m in Sources */ = {isa = PBXBuildFile; fileRef = C940DD2314264F8C004DB73E /* MapLayersViewController.m */; };
		C940DD2614265AFF004DB73E /* Default.png in Resources */ = {isa = PBXBuildFile; fileRef = C940DD2514265AFF004DB73E /* Default.png */; };
		C940DD2814265B02004DB73E /* Default@2x.png in Resources */ = {isa = PBXBuildFile; fileRef = C940DD2714265B02004DB73E /* Default@2x.png */; };
		C96EECA61423899B00F3D0CF /* UIKit.framework in Frameworks */ = {isa = PBXBuildFile; fileRef = C96EECA51423899B00F3D0CF /* UIKit.framework */; settings = {ATTRIBUTES = (Weak, ); }; };
		C96EECA81423899B00F3D0CF /* Foundation.framework in Frameworks */ = {isa = PBXBuildFile; fileRef = C96EECA71423899B00F3D0CF /* Foundation.framework */; };
		C96EECAA1423899B00F3D0CF /* CoreGraphics.framework in Frameworks */ = {isa = PBXBuildFile; fileRef = C96EECA91423899B00F3D0CF /* CoreGraphics.framework */; };
		C96EECB01423899B00F3D0CF /* InfoPlist.strings in Resources */ = {isa = PBXBuildFile; fileRef = C96EECAE1423899B00F3D0CF /* InfoPlist.strings */; };
		C96EECB21423899B00F3D0CF /* main.mm in Sources */ = {isa = PBXBuildFile; fileRef = C96EECB11423899B00F3D0CF /* main.mm */; };
		C96EECB61423899B00F3D0CF /* YandexMapKitSampleAppDelegate.m in Sources */ = {isa = PBXBuildFile; fileRef = C96EECB51423899B00F3D0CF /* YandexMapKitSampleAppDelegate.m */; };
		C96EECB91423899B00F3D0CF /* MainWindow.xib in Resources */ = {isa = PBXBuildFile; fileRef = C96EECB71423899B00F3D0CF /* MainWindow.xib */; };
		C96EECD114238DB300F3D0CF /* OpenGLES.framework in Frameworks */ = {isa = PBXBuildFile; fileRef = C96EECD014238DB300F3D0CF /* OpenGLES.framework */; };
		C96EECD314238DBA00F3D0CF /* Security.framework in Frameworks */ = {isa = PBXBuildFile; fileRef = C96EECD214238DBA00F3D0CF /* Security.framework */; };
		C96EECD514238DC500F3D0CF /* CoreData.framework in Frameworks */ = {isa = PBXBuildFile; fileRef = C96EECD414238DC500F3D0CF /* CoreData.framework */; };
		C96EECD714238DCE00F3D0CF /* AVFoundation.framework in Frameworks */ = {isa = PBXBuildFile; fileRef = C96EECD614238DCE00F3D0CF /* AVFoundation.framework */; };
		C96EECD914238DD700F3D0CF /* QuartzCore.framework in Frameworks */ = {isa = PBXBuildFile; fileRef = C96EECD814238DD700F3D0CF /* QuartzCore.framework */; };
		C96EECDB14238DDF00F3D0CF /* SystemConfiguration.framework in Frameworks */ = {isa = PBXBuildFile; fileRef = C96EECDA14238DDF00F3D0CF /* SystemConfiguration.framework */; };
		C96EECDD14238DE700F3D0CF /* MessageUI.framework in Frameworks */ = {isa = PBXBuildFile; fileRef = C96EECDC14238DE700F3D0CF /* MessageUI.framework */; settings = {ATTRIBUTES = (Weak, ); }; };
		C96EECE114238E0000F3D0CF /* libz.dylib in Frameworks */ = {isa = PBXBuildFile; fileRef = C96EECE014238E0000F3D0CF /* libz.dylib */; };
		C96EECE314238E0900F3D0CF /* libsqlite3.dylib in Frameworks */ = {isa = PBXBuildFile; fileRef = C96EECE214238E0900F3D0CF /* libsqlite3.dylib */; };
		C96EECE514238E3100F3D0CF /* libxml2.dylib in Frameworks */ = {isa = PBXBuildFile; fileRef = C96EECE414238E3100F3D0CF /* libxml2.dylib */; };
		C96EECE91423958B00F3D0CF /* CoreLocation.framework in Frameworks */ = {isa = PBXBuildFile; fileRef = C96EECE81423958B00F3D0CF /* CoreLocation.framework */; };
		C994B9FF1496ACD400980A9E /* OnScreenButtonsViewController.m in Sources */ = {isa = PBXBuildFile; fileRef = C994B9FD1496ACD400980A9E /* OnScreenButtonsViewController.m */; };
		C994BA001496ACD400980A9E /* OnScreenButtonsViewController.xib in Resources */ = {isa = PBXBuildFile; fileRef = C994B9FE1496ACD400980A9E /* OnScreenButtonsViewController.xib */; };
		C99C78621426193F00380582 /* MapViewController.m in Sources */ = {isa = PBXBuildFile; fileRef = C99C78601426193F00380582 /* MapViewController.m */; };
		C99C78631426193F00380582 /* MapViewController.xib in Resources */ = {isa = PBXBuildFile; fileRef = C99C78611426193F00380582 /* MapViewController.xib */; };
		C9B49A5A1496AE570090387C /* ZoomMinus.png in Resources */ = {isa = PBXBuildFile; fileRef = C9B49A521496AE570090387C /* ZoomMinus.png */; };
		C9B49A5B1496AE570090387C /* ZoomMinus@2x.png in Resources */ = {isa = PBXBuildFile; fileRef = C9B49A531496AE570090387C /* ZoomMinus@2x.png */; };
		C9B49A5C1496AE570090387C /* ZoomMinusHighlighted.png in Resources */ = {isa = PBXBuildFile; fileRef = C9B49A541496AE570090387C /* ZoomMinusHighlighted.png */; };
		C9B49A5D1496AE570090387C /* ZoomMinusHighlighted@2x.png in Resources */ = {isa = PBXBuildFile; fileRef = C9B49A551496AE570090387C /* ZoomMinusHighlighted@2x.png */; };
		C9B49A5E1496AE570090387C /* ZoomPlus.png in Resources */ = {isa = PBXBuildFile; fileRef = C9B49A561496AE570090387C /* ZoomPlus.png */; };
		C9B49A5F1496AE570090387C /* ZoomPlus@2x.png in Resources */ = {isa = PBXBuildFile; fileRef = C9B49A571496AE570090387C /* ZoomPlus@2x.png */; };
		C9B49A601496AE570090387C /* ZoomPlusHighlighted.png in Resources */ = {isa = PBXBuildFile; fileRef = C9B49A581496AE570090387C /* ZoomPlusHighlighted.png */; };
		C9B49A611496AE570090387C /* ZoomPlusHighlighted@2x.png in Resources */ = {isa = PBXBuildFile; fileRef = C9B49A591496AE570090387C /* ZoomPlusHighlighted@2x.png */; };
		C9B49A77149751710090387C /* OnScreenButton.png in Resources */ = {isa = PBXBuildFile; fileRef = C9B49A731497516F0090387C /* OnScreenButton.png */; };
		C9B49A78149751710090387C /* OnScreenButton@2x.png in Resources */ = {isa = PBXBuildFile; fileRef = C9B49A74149751700090387C /* OnScreenButton@2x.png */; };
		C9B49A79149751710090387C /* OnScreenButtonHighlighted.png in Resources */ = {isa = PBXBuildFile; fileRef = C9B49A75149751700090387C /* OnScreenButtonHighlighted.png */; };
		C9B49A7A149751710090387C /* OnScreenButtonHighlighted@2x.png in Resources */ = {isa = PBXBuildFile; fileRef = C9B49A76149751710090387C /* OnScreenButtonHighlighted@2x.png */; };
		C9B49A7F149752F60090387C /* LocateMe.png in Resources */ = {isa = PBXBuildFile; fileRef = C9B49A7B149752F40090387C /* LocateMe.png */; };
		C9B49A80149752F60090387C /* LocateMe@2x.png in Resources */ = {isa = PBXBuildFile; fileRef = C9B49A7C149752F50090387C /* LocateMe@2x.png */; };
		C9B49A81149752F60090387C /* LocateMeHighlighted.png in Resources */ = {isa = PBXBuildFile; fileRef = C9B49A7D149752F50090387C /* LocateMeHighlighted.png */; };
		C9B49A82149752F60090387C /* LocateMeHighlighted@2x.png in Resources */ = {isa = PBXBuildFile; fileRef = C9B49A7E149752F60090387C /* LocateMeHighlighted@2x.png */; };
		C9D7219F14261C1B00711704 /* RootViewController.m in Sources */ = {isa = PBXBuildFile; fileRef = C9D7219D14261C1B00711704 /* RootViewController.m */; };
		C9D721A014261C1B00711704 /* RootViewController.xib in Resources */ = {isa = PBXBuildFile; fileRef = C9D7219E14261C1B00711704 /* RootViewController.xib */; };
		C9D721A214261DB500711704 /* SamplesList.plist in Resources */ = {isa = PBXBuildFile; fileRef = C9D721A114261DB500711704 /* SamplesList.plist */; };
		C9D721A614261E8A00711704 /* Sample.m in Sources */ = {isa = PBXBuildFile; fileRef = C9D721A514261E8A00711704 /* Sample.m */; };
		C9D721AB142623EE00711704 /* AnnotationsViewController.m in Sources */ = {isa = PBXBuildFile; fileRef = C9D721AA142623EE00711704 /* AnnotationsViewController.m */; };
		C9D721AE142627BA00711704 /* PointAnnotation.m in Sources */ = {isa = PBXBuildFile; fileRef = C9D721AD142627BA00711704 /* PointAnnotation.m */; };
		C9D721B314262EE600711704 /* AnnotationDetailViewController.m in Sources */ = {isa = PBXBuildFile; fileRef = C9D721B114262EE600711704 /* AnnotationDetailViewController.m */; };
		C9D721B414262EE600711704 /* AnnotationDetailViewController.xib in Resources */ = {isa = PBXBuildFile; fileRef = C9D721B214262EE600711704 /* AnnotationDetailViewController.xib */; };
		C9D721B81426351B00711704 /* CustomCalloutViewController.m in Sources */ = {isa = PBXBuildFile; fileRef = C9D721B71426351B00711704 /* CustomCalloutViewController.m */; };
		C9D721C01426363900711704 /* CalloutView.m in Sources */ = {isa = PBXBuildFile; fileRef = C9D721BE1426363900711704 /* CalloutView.m */; };
		C9D721C11426363900711704 /* CalloutView.xib in Resources */ = {isa = PBXBuildFile; fileRef = C9D721BF1426363900711704 /* CalloutView.xib */; };
		C9D721C514263F3000711704 /* CustomAnnotationViewController.m in Sources */ = {isa = PBXBuildFile; fileRef = C9D721C414263F3000711704 /* CustomAnnotationViewController.m */; };
		C9D721C91426401200711704 /* yandex.png in Resources */ = {isa = PBXBuildFile; fileRef = C9D721C81426401200711704 /* yandex.png */; };
		C9D721CD1426423A00711704 /* DraggableAnnotationViewController.m in Sources */ = {isa = PBXBuildFile; fileRef = C9D721CC1426423A00711704 /* DraggableAnnotationViewController.m */; };
		C9D721D11426469900711704 /* TrafficViewController.m in Sources */ = {isa = PBXBuildFile; fileRef = C9D721D01426469900711704 /* TrafficViewController.m */; };
		C9ECC93515738AAE000FF93D /* CoreTelephony.framework in Frameworks */ = {isa = PBXBuildFile; fileRef = C9ECC93415738AAE000FF93D /* CoreTelephony.framework */; };
/* End PBXBuildFile section */

/* Begin PBXFileReference section */
		00FCBC761683641200A353D2 /* OpenAL.framework */ = {isa = PBXFileReference; lastKnownFileType = wrapper.framework; name = OpenAL.framework; path = System/Library/Frameworks/OpenAL.framework; sourceTree = SDKROOT; };
		00FCBCA11683649C00A353D2 /* AudioToolbox.framework */ = {isa = PBXFileReference; lastKnownFileType = wrapper.framework; name = AudioToolbox.framework; path = System/Library/Frameworks/AudioToolbox.framework; sourceTree = SDKROOT; };
		0264A400291A97803C1EA8C6 /* Pods.debug.xcconfig */ = {isa = PBXFileReference; includeInIndex = 1; lastKnownFileType = text.xcconfig; name = Pods.debug.xcconfig; path = "Pods/Target Support Files/Pods/Pods.debug.xcconfig"; sourceTree = "<group>"; };
		36D0975826F11C4620209739 /* Pods.release.xcconfig */ = {isa = PBXFileReference; includeInIndex = 1; lastKnownFileType = text.xcconfig; name = Pods.release.xcconfig; path = "Pods/Target Support Files/Pods/Pods.release.xcconfig"; sourceTree = "<group>"; };
		72BE58BC16EF26EE000ADC42 /* Default-568h@2x.png */ = {isa = PBXFileReference; lastKnownFileType = image.png; name = "Default-568h@2x.png"; path = "../Default-568h@2x.png"; sourceTree = "<group>"; };
		72D763BA16EF6AC1003C951F /* YMKSMovingAnnotationsViewController.h */ = {isa = PBXFileReference; fileEncoding = 4; lastKnownFileType = sourcecode.c.h; path = YMKSMovingAnnotationsViewController.h; sourceTree = "<group>"; };
		72D763BB16EF6AC1003C951F /* YMKSMovingAnnotationsViewController.m */ = {isa = PBXFileReference; fileEncoding = 4; lastKnownFileType = sourcecode.c.objc; path = YMKSMovingAnnotationsViewController.m; sourceTree = "<group>"; };
		72D763C216EF6CA2003C951F /* target.png */ = {isa = PBXFileReference; lastKnownFileType = image.png; path = target.png; sourceTree = "<group>"; };
		72D763C316EF6CA2003C951F /* target@2x.png */ = {isa = PBXFileReference; lastKnownFileType = image.png; path = "target@2x.png"; sourceTree = "<group>"; };
		7662D8B115E4290F00672896 /* StaticMapExampleViewController.h */ = {isa = PBXFileReference; lastKnownFileType = sourcecode.c.h; path = StaticMapExampleViewController.h; sourceTree = "<group>"; };
		7662D8B215E4290F00672896 /* StaticMapExampleViewController.m */ = {isa = PBXFileReference; lastKnownFileType = sourcecode.c.objc; path = StaticMapExampleViewController.m; sourceTree = "<group>"; };
		7662D8B315E4290F00672896 /* StaticMapExampleViewController.xib */ = {isa = PBXFileReference; lastKnownFileType = file.xib; path = StaticMapExampleViewController.xib; sourceTree = "<group>"; };
		76FC1C711591024E00A757A3 /* VisibleRectExampleViewController.h */ = {isa = PBXFileReference; fileEncoding = 4; lastKnownFileType = sourcecode.c.h; path = VisibleRectExampleViewController.h; sourceTree = "<group>"; };
		76FC1C721591024E00A757A3 /* VisibleRectExampleViewController.m */ = {isa = PBXFileReference; fileEncoding = 4; lastKnownFileType = sourcecode.c.objc; path = VisibleRectExampleViewController.m; sourceTree = "<group>"; };
		76FC1C731591024E00A757A3 /* VisibleRectExampleViewController.xib */ = {isa = PBXFileReference; fileEncoding = 4; lastKnownFileType = file.xib; path = VisibleRectExampleViewController.xib; sourceTree = "<group>"; };
		76FC1D5615923E4B00A757A3 /* SettingsViewController.h */ = {isa = PBXFileReference; fileEncoding = 4; lastKnownFileType = sourcecode.c.h; path = SettingsViewController.h; sourceTree = "<group>"; };
		76FC1D5715923E4B00A757A3 /* SettingsViewController.m */ = {isa = PBXFileReference; fileEncoding = 4; lastKnownFileType = sourcecode.c.objc; path = SettingsViewController.m; sourceTree = "<group>"; };
		76FC1D5815923E4B00A757A3 /* SettingsViewController.xib */ = {isa = PBXFileReference; fileEncoding = 4; lastKnownFileType = file.xib; path = SettingsViewController.xib; sourceTree = "<group>"; };
		76FC1D5B1592437300A757A3 /* Settings.h */ = {isa = PBXFileReference; fileEncoding = 4; lastKnownFileType = sourcecode.c.h; path = Settings.h; sourceTree = "<group>"; };
		76FC1D5C1592437300A757A3 /* Settings.m */ = {isa = PBXFileReference; fileEncoding = 4; lastKnownFileType = sourcecode.c.objc; path = Settings.m; sourceTree = "<group>"; };
		7DFC8DB782D6C1B3C23371DC /* Pods.adhoc.xcconfig */ = {isa = PBXFileReference; includeInIndex = 1; lastKnownFileType = text.xcconfig; name = Pods.adhoc.xcconfig; path = "Pods/Target Support Files/Pods/Pods.adhoc.xcconfig"; sourceTree = "<group>"; };
		9C41CFFBA6954A8192BC0B91 /* libPods.a */ = {isa = PBXFileReference; explicitFileType = archive.ar; includeInIndex = 0; path = libPods.a; sourceTree = BUILT_PRODUCTS_DIR; };
		AA9760971A372DE3000F8586 /* LaunchScreen.xib */ = {isa = PBXFileReference; fileEncoding = 4; lastKnownFileType = file.xib; path = LaunchScreen.xib; sourceTree = "<group>"; };
		C940DD2214264F8C004DB73E /* MapLayersViewController.h */ = {isa = PBXFileReference; fileEncoding = 4; lastKnownFileType = sourcecode.c.h; path = MapLayersViewController.h; sourceTree = "<group>"; };
		C940DD2314264F8C004DB73E /* MapLayersViewController.m */ = {isa = PBXFileReference; fileEncoding = 4; lastKnownFileType = sourcecode.c.objc; path = MapLayersViewController.m; sourceTree = "<group>"; };
		C940DD2514265AFF004DB73E /* Default.png */ = {isa = PBXFileReference; lastKnownFileType = image.png; name = Default.png; path = ../Default.png; sourceTree = "<group>"; };
		C940DD2714265B02004DB73E /* Default@2x.png */ = {isa = PBXFileReference; lastKnownFileType = image.png; name = "Default@2x.png"; path = "../Default@2x.png"; sourceTree = "<group>"; };
		C96EECA11423899B00F3D0CF /* YandexMapKitSample.app */ = {isa = PBXFileReference; explicitFileType = wrapper.application; includeInIndex = 0; path = YandexMapKitSample.app; sourceTree = BUILT_PRODUCTS_DIR; };
		C96EECA51423899B00F3D0CF /* UIKit.framework */ = {isa = PBXFileReference; lastKnownFileType = wrapper.framework; name = UIKit.framework; path = System/Library/Frameworks/UIKit.framework; sourceTree = SDKROOT; };
		C96EECA71423899B00F3D0CF /* Foundation.framework */ = {isa = PBXFileReference; lastKnownFileType = wrapper.framework; name = Foundation.framework; path = System/Library/Frameworks/Foundation.framework; sourceTree = SDKROOT; };
		C96EECA91423899B00F3D0CF /* CoreGraphics.framework */ = {isa = PBXFileReference; lastKnownFileType = wrapper.framework; name = CoreGraphics.framework; path = System/Library/Frameworks/CoreGraphics.framework; sourceTree = SDKROOT; };
		C96EECAD1423899B00F3D0CF /* YandexMapKitSample-Info.plist */ = {isa = PBXFileReference; lastKnownFileType = text.plist.xml; path = "YandexMapKitSample-Info.plist"; sourceTree = "<group>"; };
		C96EECAF1423899B00F3D0CF /* en */ = {isa = PBXFileReference; lastKnownFileType = text.plist.strings; name = en; path = en.lproj/InfoPlist.strings; sourceTree = "<group>"; };
		C96EECB11423899B00F3D0CF /* main.mm */ = {isa = PBXFileReference; lastKnownFileType = sourcecode.cpp.objcpp; path = main.mm; sourceTree = "<group>"; };
		C96EECB31423899B00F3D0CF /* YandexMapKitSample-Prefix.pch */ = {isa = PBXFileReference; lastKnownFileType = sourcecode.c.h; path = "YandexMapKitSample-Prefix.pch"; sourceTree = "<group>"; };
		C96EECB41423899B00F3D0CF /* YandexMapKitSampleAppDelegate.h */ = {isa = PBXFileReference; lastKnownFileType = sourcecode.c.h; path = YandexMapKitSampleAppDelegate.h; sourceTree = "<group>"; };
		C96EECB51423899B00F3D0CF /* YandexMapKitSampleAppDelegate.m */ = {isa = PBXFileReference; lastKnownFileType = sourcecode.c.objc; path = YandexMapKitSampleAppDelegate.m; sourceTree = "<group>"; };
		C96EECB81423899B00F3D0CF /* en */ = {isa = PBXFileReference; lastKnownFileType = file.xib; name = en; path = en.lproj/MainWindow.xib; sourceTree = "<group>"; };
		C96EECD014238DB300F3D0CF /* OpenGLES.framework */ = {isa = PBXFileReference; lastKnownFileType = wrapper.framework; name = OpenGLES.framework; path = System/Library/Frameworks/OpenGLES.framework; sourceTree = SDKROOT; };
		C96EECD214238DBA00F3D0CF /* Security.framework */ = {isa = PBXFileReference; lastKnownFileType = wrapper.framework; name = Security.framework; path = System/Library/Frameworks/Security.framework; sourceTree = SDKROOT; };
		C96EECD414238DC500F3D0CF /* CoreData.framework */ = {isa = PBXFileReference; lastKnownFileType = wrapper.framework; name = CoreData.framework; path = System/Library/Frameworks/CoreData.framework; sourceTree = SDKROOT; };
		C96EECD614238DCE00F3D0CF /* AVFoundation.framework */ = {isa = PBXFileReference; lastKnownFileType = wrapper.framework; name = AVFoundation.framework; path = System/Library/Frameworks/AVFoundation.framework; sourceTree = SDKROOT; };
		C96EECD814238DD700F3D0CF /* QuartzCore.framework */ = {isa = PBXFileReference; lastKnownFileType = wrapper.framework; name = QuartzCore.framework; path = System/Library/Frameworks/QuartzCore.framework; sourceTree = SDKROOT; };
		C96EECDA14238DDF00F3D0CF /* SystemConfiguration.framework */ = {isa = PBXFileReference; lastKnownFileType = wrapper.framework; name = SystemConfiguration.framework; path = System/Library/Frameworks/SystemConfiguration.framework; sourceTree = SDKROOT; };
		C96EECDC14238DE700F3D0CF /* MessageUI.framework */ = {isa = PBXFileReference; lastKnownFileType = wrapper.framework; name = MessageUI.framework; path = System/Library/Frameworks/MessageUI.framework; sourceTree = SDKROOT; };
		C96EECE014238E0000F3D0CF /* libz.dylib */ = {isa = PBXFileReference; lastKnownFileType = "compiled.mach-o.dylib"; name = libz.dylib; path = usr/lib/libz.dylib; sourceTree = SDKROOT; };
		C96EECE214238E0900F3D0CF /* libsqlite3.dylib */ = {isa = PBXFileReference; lastKnownFileType = "compiled.mach-o.dylib"; name = libsqlite3.dylib; path = usr/lib/libsqlite3.dylib; sourceTree = SDKROOT; };
		C96EECE414238E3100F3D0CF /* libxml2.dylib */ = {isa = PBXFileReference; lastKnownFileType = "compiled.mach-o.dylib"; name = libxml2.dylib; path = usr/lib/libxml2.dylib; sourceTree = SDKROOT; };
		C96EECE81423958B00F3D0CF /* CoreLocation.framework */ = {isa = PBXFileReference; lastKnownFileType = wrapper.framework; name = CoreLocation.framework; path = System/Library/Frameworks/CoreLocation.framework; sourceTree = SDKROOT; };
		C994B9FC1496ACD400980A9E /* OnScreenButtonsViewController.h */ = {isa = PBXFileReference; fileEncoding = 4; lastKnownFileType = sourcecode.c.h; path = OnScreenButtonsViewController.h; sourceTree = "<group>"; };
		C994B9FD1496ACD400980A9E /* OnScreenButtonsViewController.m */ = {isa = PBXFileReference; fileEncoding = 4; lastKnownFileType = sourcecode.c.objc; path = OnScreenButtonsViewController.m; sourceTree = "<group>"; };
		C994B9FE1496ACD400980A9E /* OnScreenButtonsViewController.xib */ = {isa = PBXFileReference; fileEncoding = 4; lastKnownFileType = file.xib; path = OnScreenButtonsViewController.xib; sourceTree = "<group>"; };
		C99C785F1426193F00380582 /* MapViewController.h */ = {isa = PBXFileReference; fileEncoding = 4; lastKnownFileType = sourcecode.c.h; path = MapViewController.h; sourceTree = "<group>"; };
		C99C78601426193F00380582 /* MapViewController.m */ = {isa = PBXFileReference; fileEncoding = 4; lastKnownFileType = sourcecode.c.objc; path = MapViewController.m; sourceTree = "<group>"; };
		C99C78611426193F00380582 /* MapViewController.xib */ = {isa = PBXFileReference; fileEncoding = 4; lastKnownFileType = file.xib; path = MapViewController.xib; sourceTree = "<group>"; };
		C9B49A521496AE570090387C /* ZoomMinus.png */ = {isa = PBXFileReference; lastKnownFileType = image.png; path = ZoomMinus.png; sourceTree = "<group>"; };
		C9B49A531496AE570090387C /* ZoomMinus@2x.png */ = {isa = PBXFileReference; lastKnownFileType = image.png; path = "ZoomMinus@2x.png"; sourceTree = "<group>"; };
		C9B49A541496AE570090387C /* ZoomMinusHighlighted.png */ = {isa = PBXFileReference; lastKnownFileType = image.png; path = ZoomMinusHighlighted.png; sourceTree = "<group>"; };
		C9B49A551496AE570090387C /* ZoomMinusHighlighted@2x.png */ = {isa = PBXFileReference; lastKnownFileType = image.png; path = "ZoomMinusHighlighted@2x.png"; sourceTree = "<group>"; };
		C9B49A561496AE570090387C /* ZoomPlus.png */ = {isa = PBXFileReference; lastKnownFileType = image.png; path = ZoomPlus.png; sourceTree = "<group>"; };
		C9B49A571496AE570090387C /* ZoomPlus@2x.png */ = {isa = PBXFileReference; lastKnownFileType = image.png; path = "ZoomPlus@2x.png"; sourceTree = "<group>"; };
		C9B49A581496AE570090387C /* ZoomPlusHighlighted.png */ = {isa = PBXFileReference; lastKnownFileType = image.png; path = ZoomPlusHighlighted.png; sourceTree = "<group>"; };
		C9B49A591496AE570090387C /* ZoomPlusHighlighted@2x.png */ = {isa = PBXFileReference; lastKnownFileType = image.png; path = "ZoomPlusHighlighted@2x.png"; sourceTree = "<group>"; };
		C9B49A731497516F0090387C /* OnScreenButton.png */ = {isa = PBXFileReference; lastKnownFileType = image.png; path = OnScreenButton.png; sourceTree = "<group>"; };
		C9B49A74149751700090387C /* OnScreenButton@2x.png */ = {isa = PBXFileReference; lastKnownFileType = image.png; path = "OnScreenButton@2x.png"; sourceTree = "<group>"; };
		C9B49A75149751700090387C /* OnScreenButtonHighlighted.png */ = {isa = PBXFileReference; lastKnownFileType = image.png; path = OnScreenButtonHighlighted.png; sourceTree = "<group>"; };
		C9B49A76149751710090387C /* OnScreenButtonHighlighted@2x.png */ = {isa = PBXFileReference; lastKnownFileType = image.png; path = "OnScreenButtonHighlighted@2x.png"; sourceTree = "<group>"; };
		C9B49A7B149752F40090387C /* LocateMe.png */ = {isa = PBXFileReference; lastKnownFileType = image.png; path = LocateMe.png; sourceTree = "<group>"; };
		C9B49A7C149752F50090387C /* LocateMe@2x.png */ = {isa = PBXFileReference; lastKnownFileType = image.png; path = "LocateMe@2x.png"; sourceTree = "<group>"; };
		C9B49A7D149752F50090387C /* LocateMeHighlighted.png */ = {isa = PBXFileReference; lastKnownFileType = image.png; path = LocateMeHighlighted.png; sourceTree = "<group>"; };
		C9B49A7E149752F60090387C /* LocateMeHighlighted@2x.png */ = {isa = PBXFileReference; lastKnownFileType = image.png; path = "LocateMeHighlighted@2x.png"; sourceTree = "<group>"; };
		C9D7219C14261C1B00711704 /* RootViewController.h */ = {isa = PBXFileReference; fileEncoding = 4; lastKnownFileType = sourcecode.c.h; path = RootViewController.h; sourceTree = "<group>"; };
		C9D7219D14261C1B00711704 /* RootViewController.m */ = {isa = PBXFileReference; fileEncoding = 4; lastKnownFileType = sourcecode.c.objc; path = RootViewController.m; sourceTree = "<group>"; };
		C9D7219E14261C1B00711704 /* RootViewController.xib */ = {isa = PBXFileReference; fileEncoding = 4; lastKnownFileType = file.xib; path = RootViewController.xib; sourceTree = "<group>"; };
		C9D721A114261DB500711704 /* SamplesList.plist */ = {isa = PBXFileReference; fileEncoding = 4; lastKnownFileType = text.plist.xml; path = SamplesList.plist; sourceTree = "<group>"; };
		C9D721A414261E8A00711704 /* Sample.h */ = {isa = PBXFileReference; fileEncoding = 4; lastKnownFileType = sourcecode.c.h; path = Sample.h; sourceTree = "<group>"; };
		C9D721A514261E8A00711704 /* Sample.m */ = {isa = PBXFileReference; fileEncoding = 4; lastKnownFileType = sourcecode.c.objc; path = Sample.m; sourceTree = "<group>"; };
		C9D721A9142623EE00711704 /* AnnotationsViewController.h */ = {isa = PBXFileReference; fileEncoding = 4; lastKnownFileType = sourcecode.c.h; path = AnnotationsViewController.h; sourceTree = "<group>"; };
		C9D721AA142623EE00711704 /* AnnotationsViewController.m */ = {isa = PBXFileReference; fileEncoding = 4; lastKnownFileType = sourcecode.c.objc; path = AnnotationsViewController.m; sourceTree = "<group>"; };
		C9D721AC142627BA00711704 /* PointAnnotation.h */ = {isa = PBXFileReference; fileEncoding = 4; lastKnownFileType = sourcecode.c.h; path = PointAnnotation.h; sourceTree = "<group>"; };
		C9D721AD142627BA00711704 /* PointAnnotation.m */ = {isa = PBXFileReference; fileEncoding = 4; lastKnownFileType = sourcecode.c.objc; path = PointAnnotation.m; sourceTree = "<group>"; };
		C9D721B014262EE600711704 /* AnnotationDetailViewController.h */ = {isa = PBXFileReference; fileEncoding = 4; lastKnownFileType = sourcecode.c.h; path = AnnotationDetailViewController.h; sourceTree = "<group>"; };
		C9D721B114262EE600711704 /* AnnotationDetailViewController.m */ = {isa = PBXFileReference; fileEncoding = 4; lastKnownFileType = sourcecode.c.objc; path = AnnotationDetailViewController.m; sourceTree = "<group>"; };
		C9D721B214262EE600711704 /* AnnotationDetailViewController.xib */ = {isa = PBXFileReference; fileEncoding = 4; lastKnownFileType = file.xib; path = AnnotationDetailViewController.xib; sourceTree = "<group>"; };
		C9D721B61426351B00711704 /* CustomCalloutViewController.h */ = {isa = PBXFileReference; fileEncoding = 4; lastKnownFileType = sourcecode.c.h; path = CustomCalloutViewController.h; sourceTree = "<group>"; };
		C9D721B71426351B00711704 /* CustomCalloutViewController.m */ = {isa = PBXFileReference; fileEncoding = 4; lastKnownFileType = sourcecode.c.objc; path = CustomCalloutViewController.m; sourceTree = "<group>"; };
		C9D721BD1426363900711704 /* CalloutView.h */ = {isa = PBXFileReference; fileEncoding = 4; lastKnownFileType = sourcecode.c.h; path = CalloutView.h; sourceTree = "<group>"; };
		C9D721BE1426363900711704 /* CalloutView.m */ = {isa = PBXFileReference; fileEncoding = 4; lastKnownFileType = sourcecode.c.objc; path = CalloutView.m; sourceTree = "<group>"; };
		C9D721BF1426363900711704 /* CalloutView.xib */ = {isa = PBXFileReference; fileEncoding = 4; lastKnownFileType = file.xib; path = CalloutView.xib; sourceTree = "<group>"; };
		C9D721C314263F3000711704 /* CustomAnnotationViewController.h */ = {isa = PBXFileReference; fileEncoding = 4; lastKnownFileType = sourcecode.c.h; path = CustomAnnotationViewController.h; sourceTree = "<group>"; };
		C9D721C414263F3000711704 /* CustomAnnotationViewController.m */ = {isa = PBXFileReference; fileEncoding = 4; lastKnownFileType = sourcecode.c.objc; path = CustomAnnotationViewController.m; sourceTree = "<group>"; };
		C9D721C81426401200711704 /* yandex.png */ = {isa = PBXFileReference; lastKnownFileType = image.png; path = yandex.png; sourceTree = "<group>"; };
		C9D721CB1426423A00711704 /* DraggableAnnotationViewController.h */ = {isa = PBXFileReference; fileEncoding = 4; lastKnownFileType = sourcecode.c.h; path = DraggableAnnotationViewController.h; sourceTree = "<group>"; };
		C9D721CC1426423A00711704 /* DraggableAnnotationViewController.m */ = {isa = PBXFileReference; fileEncoding = 4; lastKnownFileType = sourcecode.c.objc; path = DraggableAnnotationViewController.m; sourceTree = "<group>"; };
		C9D721CF1426469900711704 /* TrafficViewController.h */ = {isa = PBXFileReference; fileEncoding = 4; lastKnownFileType = sourcecode.c.h; path = TrafficViewController.h; sourceTree = "<group>"; };
		C9D721D01426469900711704 /* TrafficViewController.m */ = {isa = PBXFileReference; fileEncoding = 4; lastKnownFileType = sourcecode.c.objc; path = TrafficViewController.m; sourceTree = "<group>"; };
		C9ECC93415738AAE000FF93D /* CoreTelephony.framework */ = {isa = PBXFileReference; lastKnownFileType = wrapper.framework; name = CoreTelephony.framework; path = System/Library/Frameworks/CoreTelephony.framework; sourceTree = SDKROOT; };
/* End PBXFileReference section */

/* Begin PBXFrameworksBuildPhase section */
		C96EEC9E1423899B00F3D0CF /* Frameworks */ = {
			isa = PBXFrameworksBuildPhase;
			buildActionMask = 2147483647;
			files = (
				00FCBCA21683649C00A353D2 /* AudioToolbox.framework in Frameworks */,
				00FCBC771683641200A353D2 /* OpenAL.framework in Frameworks */,
				C9ECC93515738AAE000FF93D /* CoreTelephony.framework in Frameworks */,
				C96EECE91423958B00F3D0CF /* CoreLocation.framework in Frameworks */,
				C96EECE514238E3100F3D0CF /* libxml2.dylib in Frameworks */,
				C96EECE314238E0900F3D0CF /* libsqlite3.dylib in Frameworks */,
				C96EECE114238E0000F3D0CF /* libz.dylib in Frameworks */,
				C96EECDD14238DE700F3D0CF /* MessageUI.framework in Frameworks */,
				C96EECDB14238DDF00F3D0CF /* SystemConfiguration.framework in Frameworks */,
				C96EECD914238DD700F3D0CF /* QuartzCore.framework in Frameworks */,
				C96EECD714238DCE00F3D0CF /* AVFoundation.framework in Frameworks */,
				C96EECD514238DC500F3D0CF /* CoreData.framework in Frameworks */,
				C96EECD314238DBA00F3D0CF /* Security.framework in Frameworks */,
				C96EECD114238DB300F3D0CF /* OpenGLES.framework in Frameworks */,
				C96EECA61423899B00F3D0CF /* UIKit.framework in Frameworks */,
				C96EECA81423899B00F3D0CF /* Foundation.framework in Frameworks */,
				C96EECAA1423899B00F3D0CF /* CoreGraphics.framework in Frameworks */,
				4699E1617D104C2BAA2F0D4D /* libPods.a in Frameworks */,
			);
			runOnlyForDeploymentPostprocessing = 0;
		};
/* End PBXFrameworksBuildPhase section */

/* Begin PBXGroup section */
		58326342009CD5A3FC12BDDA /* Pods */ = {
			isa = PBXGroup;
			children = (
				0264A400291A97803C1EA8C6 /* Pods.debug.xcconfig */,
				36D0975826F11C4620209739 /* Pods.release.xcconfig */,
				7DFC8DB782D6C1B3C23371DC /* Pods.adhoc.xcconfig */,
			);
			name = Pods;
			sourceTree = "<group>";
		};
		72D763B916EF6A45003C951F /* Moving Annotations */ = {
			isa = PBXGroup;
			children = (
				72D763C216EF6CA2003C951F /* target.png */,
				72D763C316EF6CA2003C951F /* target@2x.png */,
				72D763BA16EF6AC1003C951F /* YMKSMovingAnnotationsViewController.h */,
				72D763BB16EF6AC1003C951F /* YMKSMovingAnnotationsViewController.m */,
			);
			name = "Moving Annotations";
			sourceTree = "<group>";
		};
		7662D8B015E428EC00672896 /* StaticMapExampleViewController */ = {
			isa = PBXGroup;
			children = (
				7662D8B115E4290F00672896 /* StaticMapExampleViewController.h */,
				7662D8B215E4290F00672896 /* StaticMapExampleViewController.m */,
				7662D8B315E4290F00672896 /* StaticMapExampleViewController.xib */,
			);
			name = StaticMapExampleViewController;
			sourceTree = "<group>";
		};
		76FC1C70159101B100A757A3 /* mapViewVisibleRect */ = {
			isa = PBXGroup;
			children = (
				76FC1C711591024E00A757A3 /* VisibleRectExampleViewController.h */,
				76FC1C721591024E00A757A3 /* VisibleRectExampleViewController.m */,
				76FC1C731591024E00A757A3 /* VisibleRectExampleViewController.xib */,
			);
			name = mapViewVisibleRect;
			sourceTree = "<group>";
		};
		76FC1D5515923DE800A757A3 /* Settings */ = {
			isa = PBXGroup;
			children = (
				76FC1D5B1592437300A757A3 /* Settings.h */,
				76FC1D5C1592437300A757A3 /* Settings.m */,
				76FC1D5615923E4B00A757A3 /* SettingsViewController.h */,
				76FC1D5715923E4B00A757A3 /* SettingsViewController.m */,
				76FC1D5815923E4B00A757A3 /* SettingsViewController.xib */,
			);
			name = Settings;
			sourceTree = "<group>";
		};
		C940DD2014264EAB004DB73E /* Map Layers View Controller */ = {
			isa = PBXGroup;
			children = (
				C940DD2214264F8C004DB73E /* MapLayersViewController.h */,
				C940DD2314264F8C004DB73E /* MapLayersViewController.m */,
			);
			name = "Map Layers View Controller";
			sourceTree = "<group>";
		};
		C96EEC961423899A00F3D0CF = {
			isa = PBXGroup;
			children = (
				C96EECAB1423899B00F3D0CF /* YandexMapKitSample */,
				C96EECA41423899B00F3D0CF /* Frameworks */,
				C96EECA21423899B00F3D0CF /* Products */,
				58326342009CD5A3FC12BDDA /* Pods */,
			);
			sourceTree = "<group>";
		};
		C96EECA21423899B00F3D0CF /* Products */ = {
			isa = PBXGroup;
			children = (
				C96EECA11423899B00F3D0CF /* YandexMapKitSample.app */,
			);
			name = Products;
			sourceTree = "<group>";
		};
		C96EECA41423899B00F3D0CF /* Frameworks */ = {
			isa = PBXGroup;
			children = (
				00FCBCA11683649C00A353D2 /* AudioToolbox.framework */,
				00FCBC761683641200A353D2 /* OpenAL.framework */,
				C9ECC93415738AAE000FF93D /* CoreTelephony.framework */,
				C96EECE81423958B00F3D0CF /* CoreLocation.framework */,
				C96EECE414238E3100F3D0CF /* libxml2.dylib */,
				C96EECE214238E0900F3D0CF /* libsqlite3.dylib */,
				C96EECE014238E0000F3D0CF /* libz.dylib */,
				C96EECDC14238DE700F3D0CF /* MessageUI.framework */,
				C96EECDA14238DDF00F3D0CF /* SystemConfiguration.framework */,
				C96EECD814238DD700F3D0CF /* QuartzCore.framework */,
				C96EECD614238DCE00F3D0CF /* AVFoundation.framework */,
				C96EECD414238DC500F3D0CF /* CoreData.framework */,
				C96EECD214238DBA00F3D0CF /* Security.framework */,
				C96EECD014238DB300F3D0CF /* OpenGLES.framework */,
				C96EECA51423899B00F3D0CF /* UIKit.framework */,
				C96EECA71423899B00F3D0CF /* Foundation.framework */,
				C96EECA91423899B00F3D0CF /* CoreGraphics.framework */,
				9C41CFFBA6954A8192BC0B91 /* libPods.a */,
			);
			name = Frameworks;
			sourceTree = "<group>";
		};
		C96EECAB1423899B00F3D0CF /* YandexMapKitSample */ = {
			isa = PBXGroup;
			children = (
				C96EECB41423899B00F3D0CF /* YandexMapKitSampleAppDelegate.h */,
				C96EECB51423899B00F3D0CF /* YandexMapKitSampleAppDelegate.m */,
				C96EECB71423899B00F3D0CF /* MainWindow.xib */,
				C99C785E1426192400380582 /* Map View Controller */,
				C9D7219B14261BEE00711704 /* Root View Controller */,
				76FC1D5515923DE800A757A3 /* Settings */,
				C9D721A7142623AE00711704 /* Yandex MapKit Samples */,
				C96EECAC1423899B00F3D0CF /* Supporting Files */,
				AA9760971A372DE3000F8586 /* LaunchScreen.xib */,
			);
			path = YandexMapKitSample;
			sourceTree = "<group>";
		};
		C96EECAC1423899B00F3D0CF /* Supporting Files */ = {
			isa = PBXGroup;
			children = (
				C940DD2714265B02004DB73E /* Default@2x.png */,
				72BE58BC16EF26EE000ADC42 /* Default-568h@2x.png */,
				C940DD2514265AFF004DB73E /* Default.png */,
				C96EECAD1423899B00F3D0CF /* YandexMapKitSample-Info.plist */,
				C96EECAE1423899B00F3D0CF /* InfoPlist.strings */,
				C96EECB11423899B00F3D0CF /* main.mm */,
				C96EECB31423899B00F3D0CF /* YandexMapKitSample-Prefix.pch */,
			);
			name = "Supporting Files";
			sourceTree = "<group>";
		};
		C994B9F71496ABD600980A9E /* On-Screen Buttons View Controller */ = {
			isa = PBXGroup;
			children = (
				C9B49A7B149752F40090387C /* LocateMe.png */,
				C9B49A7C149752F50090387C /* LocateMe@2x.png */,
				C9B49A7D149752F50090387C /* LocateMeHighlighted.png */,
				C9B49A7E149752F60090387C /* LocateMeHighlighted@2x.png */,
				C9B49A731497516F0090387C /* OnScreenButton.png */,
				C9B49A74149751700090387C /* OnScreenButton@2x.png */,
				C9B49A75149751700090387C /* OnScreenButtonHighlighted.png */,
				C9B49A76149751710090387C /* OnScreenButtonHighlighted@2x.png */,
				C9B49A521496AE570090387C /* ZoomMinus.png */,
				C9B49A531496AE570090387C /* ZoomMinus@2x.png */,
				C9B49A541496AE570090387C /* ZoomMinusHighlighted.png */,
				C9B49A551496AE570090387C /* ZoomMinusHighlighted@2x.png */,
				C9B49A561496AE570090387C /* ZoomPlus.png */,
				C9B49A571496AE570090387C /* ZoomPlus@2x.png */,
				C9B49A581496AE570090387C /* ZoomPlusHighlighted.png */,
				C9B49A591496AE570090387C /* ZoomPlusHighlighted@2x.png */,
				C994B9FC1496ACD400980A9E /* OnScreenButtonsViewController.h */,
				C994B9FD1496ACD400980A9E /* OnScreenButtonsViewController.m */,
				C994B9FE1496ACD400980A9E /* OnScreenButtonsViewController.xib */,
			);
			name = "On-Screen Buttons View Controller";
			sourceTree = "<group>";
		};
		C99C785E1426192400380582 /* Map View Controller */ = {
			isa = PBXGroup;
			children = (
				C9D721AF1426284400711704 /* Map Point Annotation Model */,
				C99C785F1426193F00380582 /* MapViewController.h */,
				C99C78601426193F00380582 /* MapViewController.m */,
				C99C78611426193F00380582 /* MapViewController.xib */,
			);
			name = "Map View Controller";
			sourceTree = "<group>";
		};
		C9D7219B14261BEE00711704 /* Root View Controller */ = {
			isa = PBXGroup;
			children = (
				C9D721A314261E6A00711704 /* Sample Model */,
				C9D7219C14261C1B00711704 /* RootViewController.h */,
				C9D7219D14261C1B00711704 /* RootViewController.m */,
				C9D7219E14261C1B00711704 /* RootViewController.xib */,
				C9D721A114261DB500711704 /* SamplesList.plist */,
			);
			name = "Root View Controller";
			sourceTree = "<group>";
		};
		C9D721A314261E6A00711704 /* Sample Model */ = {
			isa = PBXGroup;
			children = (
				C9D721A414261E8A00711704 /* Sample.h */,
				C9D721A514261E8A00711704 /* Sample.m */,
			);
			name = "Sample Model";
			sourceTree = "<group>";
		};
		C9D721A7142623AE00711704 /* Yandex MapKit Samples */ = {
			isa = PBXGroup;
			children = (
				C9D721A8142623D300711704 /* AnnotationsViewController */,
				C9D721B5142634D700711704 /* Custom Callout View Controller */,
				C9D721C214263F0E00711704 /* Custom Annotation View Controller */,
				C9D721CA1426421500711704 /* Draggable Annotation View Controller */,
				C9D721CE1426467600711704 /* Traffic View Controller */,
				C940DD2014264EAB004DB73E /* Map Layers View Controller */,
				C994B9F71496ABD600980A9E /* On-Screen Buttons View Controller */,
				76FC1C70159101B100A757A3 /* mapViewVisibleRect */,
				7662D8B015E428EC00672896 /* StaticMapExampleViewController */,
				72D763B916EF6A45003C951F /* Moving Annotations */,
			);
			name = "Yandex MapKit Samples";
			sourceTree = "<group>";
		};
		C9D721A8142623D300711704 /* AnnotationsViewController */ = {
			isa = PBXGroup;
			children = (
				C9D721A9142623EE00711704 /* AnnotationsViewController.h */,
				C9D721AA142623EE00711704 /* AnnotationsViewController.m */,
				C9D721B014262EE600711704 /* AnnotationDetailViewController.h */,
				C9D721B114262EE600711704 /* AnnotationDetailViewController.m */,
				C9D721B214262EE600711704 /* AnnotationDetailViewController.xib */,
			);
			name = AnnotationsViewController;
			sourceTree = "<group>";
		};
		C9D721AF1426284400711704 /* Map Point Annotation Model */ = {
			isa = PBXGroup;
			children = (
				C9D721AC142627BA00711704 /* PointAnnotation.h */,
				C9D721AD142627BA00711704 /* PointAnnotation.m */,
			);
			name = "Map Point Annotation Model";
			sourceTree = "<group>";
		};
		C9D721B5142634D700711704 /* Custom Callout View Controller */ = {
			isa = PBXGroup;
			children = (
				C9D721B61426351B00711704 /* CustomCalloutViewController.h */,
				C9D721B71426351B00711704 /* CustomCalloutViewController.m */,
				C9D721BD1426363900711704 /* CalloutView.h */,
				C9D721BE1426363900711704 /* CalloutView.m */,
				C9D721BF1426363900711704 /* CalloutView.xib */,
			);
			name = "Custom Callout View Controller";
			sourceTree = "<group>";
		};
		C9D721C214263F0E00711704 /* Custom Annotation View Controller */ = {
			isa = PBXGroup;
			children = (
				C9D721C314263F3000711704 /* CustomAnnotationViewController.h */,
				C9D721C414263F3000711704 /* CustomAnnotationViewController.m */,
				C9D721C81426401200711704 /* yandex.png */,
			);
			name = "Custom Annotation View Controller";
			sourceTree = "<group>";
		};
		C9D721CA1426421500711704 /* Draggable Annotation View Controller */ = {
			isa = PBXGroup;
			children = (
				C9D721CB1426423A00711704 /* DraggableAnnotationViewController.h */,
				C9D721CC1426423A00711704 /* DraggableAnnotationViewController.m */,
			);
			name = "Draggable Annotation View Controller";
			sourceTree = "<group>";
		};
		C9D721CE1426467600711704 /* Traffic View Controller */ = {
			isa = PBXGroup;
			children = (
				C9D721CF1426469900711704 /* TrafficViewController.h */,
				C9D721D01426469900711704 /* TrafficViewController.m */,
			);
			name = "Traffic View Controller";
			sourceTree = "<group>";
		};
/* End PBXGroup section */

/* Begin PBXNativeTarget section */
		C96EECA01423899B00F3D0CF /* YandexMapKitSample */ = {
			isa = PBXNativeTarget;
			buildConfigurationList = C96EECC21423899B00F3D0CF /* Build configuration list for PBXNativeTarget "YandexMapKitSample" */;
			buildPhases = (
				C96EEC9D1423899B00F3D0CF /* Sources */,
				C96EEC9E1423899B00F3D0CF /* Frameworks */,
				C96EEC9F1423899B00F3D0CF /* Resources */,
				0A81798079614832BA5E6495 /* Copy Pods Resources */,
			);
			buildRules = (
			);
			dependencies = (
			);
			name = YandexMapKitSample;
			productName = YandexMapKitSample;
			productReference = C96EECA11423899B00F3D0CF /* YandexMapKitSample.app */;
			productType = "com.apple.product-type.application";
		};
/* End PBXNativeTarget section */

/* Begin PBXProject section */
		C96EEC981423899B00F3D0CF /* Project object */ = {
			isa = PBXProject;
			attributes = {
				LastUpgradeCheck = 0500;
				ORGANIZATIONNAME = "–Ø–Ω–¥–µ–∫—Å";
			};
			buildConfigurationList = C96EEC9B1423899B00F3D0CF /* Build configuration list for PBXProject "YandexMapKitSample" */;
			compatibilityVersion = "Xcode 3.2";
			developmentRegion = English;
			hasScannedForEncodings = 0;
			knownRegions = (
				en,
			);
			mainGroup = C96EEC961423899A00F3D0CF;
			productRefGroup = C96EECA21423899B00F3D0CF /* Products */;
			projectDirPath = "";
			projectRoot = "";
			targets = (
				C96EECA01423899B00F3D0CF /* YandexMapKitSample */,
			);
		};
/* End PBXProject section */

/* Begin PBXResourcesBuildPhase section */
		C96EEC9F1423899B00F3D0CF /* Resources */ = {
			isa = PBXResourcesBuildPhase;
			buildActionMask = 2147483647;
			files = (
				C96EECB01423899B00F3D0CF /* InfoPlist.strings in Resources */,
				C96EECB91423899B00F3D0CF /* MainWindow.xib in Resources */,
				C99C78631426193F00380582 /* MapViewController.xib in Resources */,
				C9D721A014261C1B00711704 /* RootViewController.xib in Resources */,
				C9D721A214261DB500711704 /* SamplesList.plist in Resources */,
				C9D721B414262EE600711704 /* AnnotationDetailViewController.xib in Resources */,
				C9D721C11426363900711704 /* CalloutView.xib in Resources */,
				C9D721C91426401200711704 /* yandex.png in Resources */,
				C940DD2614265AFF004DB73E /* Default.png in Resources */,
				AA9760981A372DE3000F8586 /* LaunchScreen.xib in Resources */,
				C940DD2814265B02004DB73E /* Default@2x.png in Resources */,
				C994BA001496ACD400980A9E /* OnScreenButtonsViewController.xib in Resources */,
				C9B49A5A1496AE570090387C /* ZoomMinus.png in Resources */,
				C9B49A5B1496AE570090387C /* ZoomMinus@2x.png in Resources */,
				C9B49A5C1496AE570090387C /* ZoomMinusHighlighted.png in Resources */,
				C9B49A5D1496AE570090387C /* ZoomMinusHighlighted@2x.png in Resources */,
				C9B49A5E1496AE570090387C /* ZoomPlus.png in Resources */,
				C9B49A5F1496AE570090387C /* ZoomPlus@2x.png in Resources */,
				C9B49A601496AE570090387C /* ZoomPlusHighlighted.png in Resources */,
				C9B49A611496AE570090387C /* ZoomPlusHighlighted@2x.png in Resources */,
				C9B49A77149751710090387C /* OnScreenButton.png in Resources */,
				C9B49A78149751710090387C /* OnScreenButton@2x.png in Resources */,
				C9B49A79149751710090387C /* OnScreenButtonHighlighted.png in Resources */,
				C9B49A7A149751710090387C /* OnScreenButtonHighlighted@2x.png in Resources */,
				C9B49A7F149752F60090387C /* LocateMe.png in Resources */,
				C9B49A80149752F60090387C /* LocateMe@2x.png in Resources */,
				C9B49A81149752F60090387C /* LocateMeHighlighted.png in Resources */,
				C9B49A82149752F60090387C /* LocateMeHighlighted@2x.png in Resources */,
				76FC1C751591024E00A757A3 /* VisibleRectExampleViewController.xib in Resources */,
				76FC1D5A15923E4B00A757A3 /* SettingsViewController.xib in Resources */,
				7662D8B515E4291A00672896 /* StaticMapExampleViewController.xib in Resources */,
				72BE58BD16EF26EE000ADC42 /* Default-568h@2x.png in Resources */,
				72D763C416EF6CA2003C951F /* target.png in Resources */,
				72D763C516EF6CA2003C951F /* target@2x.png in Resources */,
			);
			runOnlyForDeploymentPostprocessing = 0;
		};
/* End PBXResourcesBuildPhase section */

/* Begin PBXShellScriptBuildPhase section */
		0A81798079614832BA5E6495 /* Copy Pods Resources */ = {
			isa = PBXShellScriptBuildPhase;
			buildActionMask = 2147483647;
			files = (
			);
			inputPaths = (
			);
			name = "Copy Pods Resources";
			outputPaths = (
			);
			runOnlyForDeploymentPostprocessing = 0;
			shellPath = /bin/sh;
			shellScript = "\"${SRCROOT}/Pods/Target Support Files/Pods/Pods-resources.sh\"\n";
		};
/* End PBXShellScriptBuildPhase section */

/* Begin PBXSourcesBuildPhase section */
		C96EEC9D1423899B00F3D0CF /* Sources */ = {
			isa = PBXSourcesBuildPhase;
			buildActionMask = 2147483647;
			files = (
				C96EECB21423899B00F3D0CF /* main.mm in Sources */,
				C96EECB61423899B00F3D0CF /* YandexMapKitSampleAppDelegate.m in Sources */,
				C99C78621426193F00380582 /* MapViewController.m in Sources */,
				C9D7219F14261C1B00711704 /* RootViewController.m in Sources */,
				C9D721A614261E8A00711704 /* Sample.m in Sources */,
				C9D721AB142623EE00711704 /* AnnotationsViewController.m in Sources */,
				C9D721AE142627BA00711704 /* PointAnnotation.m in Sources */,
				C9D721B314262EE600711704 /* AnnotationDetailViewController.m in Sources */,
				C9D721B81426351B00711704 /* CustomCalloutViewController.m in Sources */,
				C9D721C01426363900711704 /* CalloutView.m in Sources */,
				C9D721C514263F3000711704 /* CustomAnnotationViewController.m in Sources */,
				C9D721CD1426423A00711704 /* DraggableAnnotationViewController.m in Sources */,
				C9D721D11426469900711704 /* TrafficViewController.m in Sources */,
				C940DD2414264F8C004DB73E /* MapLayersViewController.m in Sources */,
				C994B9FF1496ACD400980A9E /* OnScreenButtonsViewController.m in Sources */,
				76FC1C741591024E00A757A3 /* VisibleRectExampleViewController.m in Sources */,
				76FC1D5915923E4B00A757A3 /* SettingsViewController.m in Sources */,
				76FC1D5D1592437300A757A3 /* Settings.m in Sources */,
				7662D8B415E4291700672896 /* StaticMapExampleViewController.m in Sources */,
				72D763BC16EF6AC1003C951F /* YMKSMovingAnnotationsViewController.m in Sources */,
			);
			runOnlyForDeploymentPostprocessing = 0;
		};
/* End PBXSourcesBuildPhase section */

/* Begin PBXVariantGroup section */
		C96EECAE1423899B00F3D0CF /* InfoPlist.strings */ = {
			isa = PBXVariantGroup;
			children = (
				C96EECAF1423899B00F3D0CF /* en */,
			);
			name = InfoPlist.strings;
			sourceTree = "<group>";
		};
		C96EECB71423899B00F3D0CF /* MainWindow.xib */ = {
			isa = PBXVariantGroup;
			children = (
				C96EECB81423899B00F3D0CF /* en */,
			);
			name = MainWindow.xib;
			sourceTree = "<group>";
		};
/* End PBXVariantGroup section */

/* Begin XCBuildConfiguration section */
		C96A65C5142669AE00E23D26 /* AdHoc */ = {
			isa = XCBuildConfiguration;
			buildSettings = {
				ALWAYS_SEARCH_USER_PATHS = NO;
				"CODE_SIGN_IDENTITY[sdk=iphoneos*]" = "iPhone Distribution";
				COPY_PHASE_STRIP = YES;
				GCC_PREPROCESSOR_DEFINITIONS = "";
				GCC_WARN_ABOUT_MISSING_PROTOTYPES = YES;
				GCC_WARN_ABOUT_RETURN_TYPE = YES;
				GCC_WARN_UNUSED_VARIABLE = YES;
				HEADER_SEARCH_PATHS = "$(SRCROOT)/YandexMapKit/Headers";
				IPHONEOS_DEPLOYMENT_TARGET = 5.0;
				OTHER_CFLAGS = "-DNS_BLOCK_ASSERTIONS=1";
				OTHER_LDFLAGS = "-all_load";
				"PROVISIONING_PROFILE[sdk=iphoneos*]" = "";
				SDKROOT = iphoneos;
				VALIDATE_PRODUCT = YES;
			};
			name = AdHoc;
		};
		C96A65C6142669AE00E23D26 /* AdHoc */ = {
			isa = XCBuildConfiguration;
			baseConfigurationReference = 7DFC8DB782D6C1B3C23371DC /* Pods.adhoc.xcconfig */;
			buildSettings = {
				CLANG_ENABLE_OBJC_ARC = YES;
				GCC_PRECOMPILE_PREFIX_HEADER = YES;
				GCC_PREFIX_HEADER = "YandexMapKitSample/YandexMapKitSample-Prefix.pch";
				INFOPLIST_FILE = "YandexMapKitSample/YandexMapKitSample-Info.plist";
				PRODUCT_NAME = "$(TARGET_NAME)";
				WRAPPER_EXTENSION = app;
			};
			name = AdHoc;
		};
		C96EECC01423899B00F3D0CF /* Debug */ = {
			isa = XCBuildConfiguration;
			buildSettings = {
				ALWAYS_SEARCH_USER_PATHS = NO;
				"CODE_SIGN_IDENTITY[sdk=iphoneos*]" = "iPhone Developer";
				COPY_PHASE_STRIP = NO;
				GCC_OPTIMIZATION_LEVEL = 0;
				GCC_PREPROCESSOR_DEFINITIONS = (
					"DEBUG=1",
					"$(inherited)",
				);
				GCC_WARN_ABOUT_MISSING_PROTOTYPES = YES;
				GCC_WARN_ABOUT_RETURN_TYPE = YES;
				GCC_WARN_UNUSED_VARIABLE = YES;
				HEADER_SEARCH_PATHS = "$(SRCROOT)/YandexMapKit/Headers";
				IPHONEOS_DEPLOYMENT_TARGET = 5.0;
				ONLY_ACTIVE_ARCH = YES;
				OTHER_CFLAGS = "";
				OTHER_LDFLAGS = "-all_load";
				SDKROOT = iphoneos;
			};
			name = Debug;
		};
		C96EECC11423899B00F3D0CF /* Release */ = {
			isa = XCBuildConfiguration;
			buildSettings = {
				ALWAYS_SEARCH_USER_PATHS = NO;
				"CODE_SIGN_IDENTITY[sdk=iphoneos*]" = "iPhone Distribution";
				COPY_PHASE_STRIP = YES;
				GCC_PREPROCESSOR_DEFINITIONS = "";
				GCC_WARN_ABOUT_MISSING_PROTOTYPES = YES;
				GCC_WARN_ABOUT_RETURN_TYPE = YES;
				GCC_WARN_UNUSED_VARIABLE = YES;
				HEADER_SEARCH_PATHS = "$(SRCROOT)/YandexMapKit/Headers";
				IPHONEOS_DEPLOYMENT_TARGET = 5.0;
				OTHER_CFLAGS = "-DNS_BLOCK_ASSERTIONS=1";
				OTHER_LDFLAGS = "-all_load";
				"PROVISIONING_PROFILE[sdk=iphoneos*]" = "";
				SDKROOT = iphoneos;
				VALIDATE_PRODUCT = YES;
			};
			name = Release;
		};
		C96EECC31423899B00F3D0CF /* Debug */ = {
			isa = XCBuildConfiguration;
			baseConfigurationReference = 0264A400291A97803C1EA8C6 /* Pods.debug.xcconfig */;
			buildSettings = {
				CLANG_ENABLE_OBJC_ARC = YES;
				GCC_PRECOMPILE_PREFIX_HEADER = YES;
				GCC_PREFIX_HEADER = "YandexMapKitSample/YandexMapKitSample-Prefix.pch";
				INFOPLIST_FILE = "YandexMapKitSample/YandexMapKitSample-Info.plist";
				PRODUCT_NAME = "$(TARGET_NAME)";
				WRAPPER_EXTENSION = app;
			};
			name = Debug;
		};
		C96EECC41423899B00F3D0CF /* Release */ = {
			isa = XCBuildConfiguration;
			baseConfigurationReference = 36D0975826F11C4620209739 /* Pods.release.xcconfig */;
			buildSettings = {
				CLANG_ENABLE_OBJC_ARC = YES;
				GCC_PRECOMPILE_PREFIX_HEADER = YES;
				GCC_PREFIX_HEADER = "YandexMapKitSample/YandexMapKitSample-Prefix.pch";
				INFOPLIST_FILE = "YandexMapKitSample/YandexMapKitSample-Info.plist";
				PRODUCT_NAME = "$(TARGET_NAME)";
				WRAPPER_EXTENSION = app;
			};
			name = Release;
		};
/* End XCBuildConfiguration section */

/* Begin XCConfigurationList section */
		C96EEC9B1423899B00F3D0CF /* Build configuration list for PBXProject "YandexMapKitSample" */ = {
			isa = XCConfigurationList;
			buildConfigurations = (
				C96EECC01423899B00F3D0CF /* Debug */,
				C96EECC11423899B00F3D0CF /* Release */,
				C96A65C5142669AE00E23D26 /* AdHoc */,
			);
			defaultConfigurationIsVisible = 0;
			defaultConfigurationName = Release;
		};
		C96EECC21423899B00F3D0CF /* Build configuration list for PBXNativeTarget "YandexMapKitSample" */ = {
			isa = XCConfigurationList;
			buildConfigurations = (
				C96EECC31423899B00F3D0CF /* Debug */,
				C96EECC41423899B00F3D0CF /* Release */,
				C96A65C6142669AE00E23D26 /* AdHoc */,
			);
			defaultConfigurationIsVisible = 0;
			defaultConfigurationName = Release;
		};
/* End XCConfigurationList section */
	};
	rootObject = C96EEC981423899B00F3D0CF /* Project object */;
}
