PODS:
  - YandexMapKit (1.0.5)

DEPENDENCIES:
  - YandexMapKit (from `/Users/eploko/Projects/00-bin-builds/yandex-mapkit-ios`)

EXTERNAL SOURCES:
  YandexMapKit:
    :path: /Users/eploko/Projects/00-bin-builds/yandex-mapkit-ios

SPEC CHECKSUMS:
  YandexMapKit: c80ca386343cb197183dc209ff6d38e5c412eae8

COCOAPODS: 0.22.2
